
Microsoft Visual Studio Solution File, Format Version 12.00
# Visual Studio 15
VisualStudioVersion = 15.0.26430.12
MinimumVisualStudioVersion = 10.0.40219.1
Project("{FAE04EC0-301F-11D3-BF4B-00C04F79EFBC}") = "HestiaCore", "HestiaCore\HestiaCore.csproj", "{E5FD55C1-F161-4A04-9CA3-7D038A1E89E8}"
EndProject
Project("{FAE04EC0-301F-11D3-BF4B-00C04F79EFBC}") = "HestiaAnalyticsServer", "HestiaAnalyticsServer\HestiaAnalyticsServer.csproj", "{A652CE5B-8F23-42EE-8C50-B00A17F97CCC}"
EndProject
Project("{FAE04EC0-301F-11D3-BF4B-00C04F79EFBC}") = "HestiaAnalyticsVision", "HestiaAnalyticsVision\HestiaAnalyticsVision.csproj", "{B3F094F5-DE30-4907-A96A-BF2057B75F51}"
EndProject
Project("{FAE04EC0-301F-11D3-BF4B-00C04F79EFBC}") = "SightHound.NET", "SightHound.NET\SightHound.NET.csproj", "{873BAFEE-1E80-4EEE-BDCE-6E2202F9A426}"
EndProject
Project("{FAE04EC0-301F-11D3-BF4B-00C04F79EFBC}") = "HestiaAnalyticsCLI", "HestiaAnalyticsCLI\HestiaAnalyticsCLI.csproj", "{AD82A5E4-3792-4E88-AF04-B1188F633F61}"
EndProject
Global
	GlobalSection(SolutionConfigurationPlatforms) = preSolution
		Debug|x86 = Debug|x86
		Release|x86 = Release|x86
	EndGlobalSection
	GlobalSection(ProjectConfigurationPlatforms) = postSolution
		{E5FD55C1-F161-4A04-9CA3-7D038A1E89E8}.Debug|x86.ActiveCfg = Debug|x86
		{E5FD55C1-F161-4A04-9CA3-7D038A1E89E8}.Debug|x86.Build.0 = Debug|x86
		{E5FD55C1-F161-4A04-9CA3-7D038A1E89E8}.Release|x86.ActiveCfg = Release|x86
		{E5FD55C1-F161-4A04-9CA3-7D038A1E89E8}.Release|x86.Build.0 = Release|x86
		{A652CE5B-8F23-42EE-8C50-B00A17F97CCC}.Debug|x86.ActiveCfg = Debug|x86
		{A652CE5B-8F23-42EE-8C50-B00A17F97CCC}.Debug|x86.Build.0 = Debug|x86
		{A652CE5B-8F23-42EE-8C50-B00A17F97CCC}.Release|x86.ActiveCfg = Release|x86
		{A652CE5B-8F23-42EE-8C50-B00A17F97CCC}.Release|x86.Build.0 = Release|x86
		{B3F094F5-DE30-4907-A96A-BF2057B75F51}.Debug|x86.ActiveCfg = Debug|x86
		{B3F094F5-DE30-4907-A96A-BF2057B75F51}.Debug|x86.Build.0 = Debug|x86
		{B3F094F5-DE30-4907-A96A-BF2057B75F51}.Release|x86.ActiveCfg = Release|x86
		{B3F094F5-DE30-4907-A96A-BF2057B75F51}.Release|x86.Build.0 = Release|x86
		{873BAFEE-1E80-4EEE-BDCE-6E2202F9A426}.Debug|x86.ActiveCfg = Debug|x86
		{873BAFEE-1E80-4EEE-BDCE-6E2202F9A426}.Debug|x86.Build.0 = Debug|x86
		{873BAFEE-1E80-4EEE-BDCE-6E2202F9A426}.Release|x86.ActiveCfg = Release|x86
		{873BAFEE-1E80-4EEE-BDCE-6E2202F9A426}.Release|x86.Build.0 = Release|x86
		{AD82A5E4-3792-4E88-AF04-B1188F633F61}.Debug|x86.ActiveCfg = Debug|x86
		{AD82A5E4-3792-4E88-AF04-B1188F633F61}.Debug|x86.Build.0 = Debug|x86
		{AD82A5E4-3792-4E88-AF04-B1188F633F61}.Release|x86.ActiveCfg = Release|x86
		{AD82A5E4-3792-4E88-AF04-B1188F633F61}.Release|x86.Build.0 = Release|x86
	EndGlobalSection
	GlobalSection(SolutionProperties) = preSolution
		HideSolutionNode = FALSE
	EndGlobalSection
EndGlobal
